
Microsoft Visual Studio Solution File, Format Version 12.00
# Visual Studio Version 17
VisualStudioVersion = 17.7.34031.279
MinimumVisualStudioVersion = 10.0.40219.1
Project("{FAE04EC0-301F-11D3-BF4B-00C04F79EFBC}") = "WpfApp2", "WpfApp2\WpfApp2.csproj", "{673F375E-178C-41E3-99EC-3B714BA109C4}"
EndProject
Project("{FAE04EC0-301F-11D3-BF4B-00C04F79EFBC}") = "MathApp1", "..\MathApp1\MathApp1\MathApp1.csproj", "{3D129C13-39C3-411A-9CC4-AA161775A54E}"
EndProject
Global
	GlobalSection(SolutionConfigurationPlatforms) = preSolution
		Debug|Any CPU = Debug|Any CPU
		Release|Any CPU = Release|Any CPU
	EndGlobalSection
	GlobalSection(ProjectConfigurationPlatforms) = postSolution
		{673F375E-178C-41E3-99EC-3B714BA109C4}.Debug|Any CPU.ActiveCfg = Debug|Any CPU
		{673F375E-178C-41E3-99EC-3B714BA109C4}.Debug|Any CPU.Build.0 = Debug|Any CPU
		{673F375E-178C-41E3-99EC-3B714BA109C4}.Release|Any CPU.ActiveCfg = Release|Any CPU
		{673F375E-178C-41E3-99EC-3B714BA109C4}.Release|Any CPU.Build.0 = Release|Any CPU
		{3D129C13-39C3-411A-9CC4-AA161775A54E}.Debug|Any CPU.ActiveCfg = Debug|Any CPU
		{3D129C13-39C3-411A-9CC4-AA161775A54E}.Debug|Any CPU.Build.0 = Debug|Any CPU
		{3D129C13-39C3-411A-9CC4-AA161775A54E}.Release|Any CPU.ActiveCfg = Release|Any CPU
		{3D129C13-39C3-411A-9CC4-AA161775A54E}.Release|Any CPU.Build.0 = Release|Any CPU
	EndGlobalSection
	GlobalSection(SolutionProperties) = preSolution
		HideSolutionNode = FALSE
	EndGlobalSection
	GlobalSection(ExtensibilityGlobals) = postSolution
		SolutionGuid = {8DA902F9-DD72-4E32-A6DE-5D6B87D8FA6D}
	EndGlobalSection
EndGlobal
